
Microsoft Visual Studio Solution File, Format Version 12.00
# Visual Studio Version 17
VisualStudioVersion = 17.3.32901.215
MinimumVisualStudioVersion = 10.0.40219.1
Project("{FAE04EC0-301F-11D3-BF4B-00C04F79EFBC}") = "alış-satış-kar-hesaplama", "alış-satış-kar-hesaplama\alış-satış-kar-hesaplama.csproj", "{A35D8A5D-7D7C-47C0-9F25-C1E81E1A9A87}"
EndProject
Global
	GlobalSection(SolutionConfigurationPlatforms) = preSolution
		Debug|Any CPU = Debug|Any CPU
		Release|Any CPU = Release|Any CPU
	EndGlobalSection
	GlobalSection(ProjectConfigurationPlatforms) = postSolution
		{A35D8A5D-7D7C-47C0-9F25-C1E81E1A9A87}.Debug|Any CPU.ActiveCfg = Debug|Any CPU
		{A35D8A5D-7D7C-47C0-9F25-C1E81E1A9A87}.Debug|Any CPU.Build.0 = Debug|Any CPU
		{A35D8A5D-7D7C-47C0-9F25-C1E81E1A9A87}.Release|Any CPU.ActiveCfg = Release|Any CPU
		{A35D8A5D-7D7C-47C0-9F25-C1E81E1A9A87}.Release|Any CPU.Build.0 = Release|Any CPU
	EndGlobalSection
	GlobalSection(SolutionProperties) = preSolution
		HideSolutionNode = FALSE
	EndGlobalSection
	GlobalSection(ExtensibilityGlobals) = postSolution
		SolutionGuid = {4BF204E7-93CA-4D6D-BE94-7EC8CB05B6A6}
	EndGlobalSection
EndGlobal
